
Microsoft Visual Studio Solution File, Format Version 12.00
# Visual Studio Version 17
VisualStudioVersion = 17.10.35004.147
MinimumVisualStudioVersion = 10.0.40219.1
Project("{9A19103F-16F7-4668-BE54-9A1E7A4F7556}") = "FluentTryCatch", "FluentTryCatch\FluentTryCatch.csproj", "{26A61C82-D47D-4001-99CB-5BAED6B41954}"
EndProject
Project("{9A19103F-16F7-4668-BE54-9A1E7A4F7556}") = "Tests", "Tests\Tests.csproj", "{FA1D49C2-40D2-47A5-A2E3-8C72F9205457}"
EndProject
Global
	GlobalSection(SolutionConfigurationPlatforms) = preSolution
		Debug|Any CPU = Debug|Any CPU
		Release|Any CPU = Release|Any CPU
	EndGlobalSection
	GlobalSection(ProjectConfigurationPlatforms) = postSolution
		{26A61C82-D47D-4001-99CB-5BAED6B41954}.Debug|Any CPU.ActiveCfg = Debug|Any CPU
		{26A61C82-D47D-4001-99CB-5BAED6B41954}.Debug|Any CPU.Build.0 = Debug|Any CPU
		{26A61C82-D47D-4001-99CB-5BAED6B41954}.Release|Any CPU.ActiveCfg = Release|Any CPU
		{26A61C82-D47D-4001-99CB-5BAED6B41954}.Release|Any CPU.Build.0 = Release|Any CPU
		{FA1D49C2-40D2-47A5-A2E3-8C72F9205457}.Debug|Any CPU.ActiveCfg = Debug|Any CPU
		{FA1D49C2-40D2-47A5-A2E3-8C72F9205457}.Debug|Any CPU.Build.0 = Debug|Any CPU
		{FA1D49C2-40D2-47A5-A2E3-8C72F9205457}.Release|Any CPU.ActiveCfg = Release|Any CPU
		{FA1D49C2-40D2-47A5-A2E3-8C72F9205457}.Release|Any CPU.Build.0 = Release|Any CPU
	EndGlobalSection
	GlobalSection(SolutionProperties) = preSolution
		HideSolutionNode = FALSE
	EndGlobalSection
	GlobalSection(ExtensibilityGlobals) = postSolution
		SolutionGuid = {85518824-910C-4C8F-94B6-F0E46AD7E2C4}
	EndGlobalSection
EndGlobal
